github.com/corbym/gocrest v1.0.5 h1:6FUvLjKkKQ2hwMel8OKIZqN3slYEOHIFY9+lVaroFnU=
github.com/corbym/gocrest v1.0.5/go.mod h1:lF3xBPnOU5DYDpa/vUq63SMxUhd5UAwGgmA8Z2pJ/Tk=
github.com/senseyeio/duration v0.0.0-20180430131211-7c2a214ada46 h1:Dz0HrI1AtNSGCE8LXLLqoZU4iuOJXPWndenCsZfstA8=
github.com/senseyeio/duration v0.0.0-20180430131211-7c2a214ada46/go.mod h1:is8FVkzSi7PYLWEXT5MgWhglFsyyiW8ffxAoJqfuFZo=
